
Microsoft Visual Studio Solution File, Format Version 12.00
# Visual Studio Version 16
VisualStudioVersion = 16.0.29326.143
MinimumVisualStudioVersion = 10.0.40219.1
Project("{FAE04EC0-301F-11D3-BF4B-00C04F79EFBC}") = "WpfApp1", "WpfApp1\WpfApp1.csproj", "{B98C6856-42C7-42A0-9AD6-75ED1A37A57B}"
EndProject
Global
	GlobalSection(SolutionConfigurationPlatforms) = preSolution
		Debug|Any CPU = Debug|Any CPU
		Release|Any CPU = Release|Any CPU
	EndGlobalSection
	GlobalSection(ProjectConfigurationPlatforms) = postSolution
		{B98C6856-42C7-42A0-9AD6-75ED1A37A57B}.Debug|Any CPU.ActiveCfg = Debug|Any CPU
		{B98C6856-42C7-42A0-9AD6-75ED1A37A57B}.Debug|Any CPU.Build.0 = Debug|Any CPU
		{B98C6856-42C7-42A0-9AD6-75ED1A37A57B}.Release|Any CPU.ActiveCfg = Release|Any CPU
		{B98C6856-42C7-42A0-9AD6-75ED1A37A57B}.Release|Any CPU.Build.0 = Release|Any CPU
	EndGlobalSection
	GlobalSection(SolutionProperties) = preSolution
		HideSolutionNode = FALSE
	EndGlobalSection
	GlobalSection(ExtensibilityGlobals) = postSolution
		SolutionGuid = {087FA7E5-8C16-4BB5-AF72-93DD567BDF2A}
	EndGlobalSection
EndGlobal
